
Microsoft Visual Studio Solution File, Format Version 12.00
# Visual Studio Version 16
VisualStudioVersion = 16.0.29418.71
MinimumVisualStudioVersion = 10.0.40219.1
Project("{9A19103F-16F7-4668-BE54-9A1E7A4F7556}") = "Helpers", "Helpers\Helpers.csproj", "{CFF8FC38-B5B8-439B-B955-8257AD811231}"
EndProject
Project("{9A19103F-16F7-4668-BE54-9A1E7A4F7556}") = "EntityService", "EntityService\EntityService.csproj", "{DDC52CDF-AAB4-49F6-9CF3-61BB41BA716C}"
EndProject
Project("{9A19103F-16F7-4668-BE54-9A1E7A4F7556}") = "CMS", "CMS\CMS.csproj", "{77431F36-3C55-4D87-B53A-BAD3E0B94EA3}"
EndProject
Project("{9A19103F-16F7-4668-BE54-9A1E7A4F7556}") = "ilkteknem", "ilkteknem\ilkteknem.csproj", "{06224757-F827-4CF5-A138-FCD59285E5E0}"
EndProject
Project("{9A19103F-16F7-4668-BE54-9A1E7A4F7556}") = "siteProject", "siteProject\siteProject.csproj", "{DB087CC8-85FA-4E8D-8C9A-5529EA031DCA}"
EndProject
Project("{9A19103F-16F7-4668-BE54-9A1E7A4F7556}") = "CMSSite", "CMSSite\CMSSite.csproj", "{FA0DAED7-3765-4090-939A-E0C20B546314}"
EndProject
Project("{9A19103F-16F7-4668-BE54-9A1E7A4F7556}") = "DynamicSite", "DynamicSite\DynamicSite.csproj", "{F8A80FBF-FB1E-45C1-AA44-E50BBE4D7799}"
EndProject
Project("{9A19103F-16F7-4668-BE54-9A1E7A4F7556}") = "DynamicSiteService", "DynamicSiteService\DynamicSiteService.csproj", "{8AAEEEF1-CF3B-4354-9308-B29A5BF0E307}"
EndProject
Project("{9A19103F-16F7-4668-BE54-9A1E7A4F7556}") = "GenericRepoPattern", "GenericRepoPattern\GenericRepoPattern.csproj", "{C886CD19-E5D3-4412-AAAB-698743BD6C18}"
EndProject
Project("{9A19103F-16F7-4668-BE54-9A1E7A4F7556}") = "DynamicSiteCMS", "DynamicSiteCMS\DynamicSiteCMS.csproj", "{51BC58DA-218E-42FD-8A57-8272BBAC2DA6}"
EndProject
Project("{9A19103F-16F7-4668-BE54-9A1E7A4F7556}") = "templateSite", "templateSite\templateSite.csproj", "{1082EB16-80BD-4E49-A0AF-9542AC3BA243}"
EndProject
Project("{9A19103F-16F7-4668-BE54-9A1E7A4F7556}") = "MailService", "MailService\MailService.csproj", "{BD77E6ED-C0B6-473C-B62B-7140DB2AB81C}"
EndProject
Project("{9A19103F-16F7-4668-BE54-9A1E7A4F7556}") = "DincSite", "DincSite\DincSite.csproj", "{BD1A296C-A1BC-4CA0-AB3A-C5DE3685F52E}"
EndProject
Project("{9A19103F-16F7-4668-BE54-9A1E7A4F7556}") = "DincSiteCms", "DincSiteCms\DincSiteCms.csproj", "{7E7A4C36-FC7D-40EF-80C1-22151A803630}"
EndProject
Project("{9A19103F-16F7-4668-BE54-9A1E7A4F7556}") = "DincService", "DincService\DincService.csproj", "{B60FF612-F6EA-4304-A3EC-7D836E1CD781}"
EndProject
Global
	GlobalSection(SolutionConfigurationPlatforms) = preSolution
		Debug|Any CPU = Debug|Any CPU
		Release|Any CPU = Release|Any CPU
	EndGlobalSection
	GlobalSection(ProjectConfigurationPlatforms) = postSolution
		{CFF8FC38-B5B8-439B-B955-8257AD811231}.Debug|Any CPU.ActiveCfg = Debug|Any CPU
		{CFF8FC38-B5B8-439B-B955-8257AD811231}.Debug|Any CPU.Build.0 = Debug|Any CPU
		{CFF8FC38-B5B8-439B-B955-8257AD811231}.Release|Any CPU.ActiveCfg = Release|Any CPU
		{CFF8FC38-B5B8-439B-B955-8257AD811231}.Release|Any CPU.Build.0 = Release|Any CPU
		{DDC52CDF-AAB4-49F6-9CF3-61BB41BA716C}.Debug|Any CPU.ActiveCfg = Debug|Any CPU
		{DDC52CDF-AAB4-49F6-9CF3-61BB41BA716C}.Debug|Any CPU.Build.0 = Debug|Any CPU
		{DDC52CDF-AAB4-49F6-9CF3-61BB41BA716C}.Release|Any CPU.ActiveCfg = Release|Any CPU
		{DDC52CDF-AAB4-49F6-9CF3-61BB41BA716C}.Release|Any CPU.Build.0 = Release|Any CPU
		{77431F36-3C55-4D87-B53A-BAD3E0B94EA3}.Debug|Any CPU.ActiveCfg = Debug|Any CPU
		{77431F36-3C55-4D87-B53A-BAD3E0B94EA3}.Debug|Any CPU.Build.0 = Debug|Any CPU
		{77431F36-3C55-4D87-B53A-BAD3E0B94EA3}.Release|Any CPU.ActiveCfg = Release|Any CPU
		{77431F36-3C55-4D87-B53A-BAD3E0B94EA3}.Release|Any CPU.Build.0 = Release|Any CPU
		{06224757-F827-4CF5-A138-FCD59285E5E0}.Debug|Any CPU.ActiveCfg = Debug|Any CPU
		{06224757-F827-4CF5-A138-FCD59285E5E0}.Debug|Any CPU.Build.0 = Debug|Any CPU
		{06224757-F827-4CF5-A138-FCD59285E5E0}.Release|Any CPU.ActiveCfg = Release|Any CPU
		{06224757-F827-4CF5-A138-FCD59285E5E0}.Release|Any CPU.Build.0 = Release|Any CPU
		{DB087CC8-85FA-4E8D-8C9A-5529EA031DCA}.Debug|Any CPU.ActiveCfg = Debug|Any CPU
		{DB087CC8-85FA-4E8D-8C9A-5529EA031DCA}.Debug|Any CPU.Build.0 = Debug|Any CPU
		{DB087CC8-85FA-4E8D-8C9A-5529EA031DCA}.Release|Any CPU.ActiveCfg = Release|Any CPU
		{DB087CC8-85FA-4E8D-8C9A-5529EA031DCA}.Release|Any CPU.Build.0 = Release|Any CPU
		{FA0DAED7-3765-4090-939A-E0C20B546314}.Debug|Any CPU.ActiveCfg = Debug|Any CPU
		{FA0DAED7-3765-4090-939A-E0C20B546314}.Debug|Any CPU.Build.0 = Debug|Any CPU
		{FA0DAED7-3765-4090-939A-E0C20B546314}.Release|Any CPU.ActiveCfg = Release|Any CPU
		{FA0DAED7-3765-4090-939A-E0C20B546314}.Release|Any CPU.Build.0 = Release|Any CPU
		{F8A80FBF-FB1E-45C1-AA44-E50BBE4D7799}.Debug|Any CPU.ActiveCfg = Debug|Any CPU
		{F8A80FBF-FB1E-45C1-AA44-E50BBE4D7799}.Debug|Any CPU.Build.0 = Debug|Any CPU
		{F8A80FBF-FB1E-45C1-AA44-E50BBE4D7799}.Release|Any CPU.ActiveCfg = Release|Any CPU
		{F8A80FBF-FB1E-45C1-AA44-E50BBE4D7799}.Release|Any CPU.Build.0 = Release|Any CPU
		{8AAEEEF1-CF3B-4354-9308-B29A5BF0E307}.Debug|Any CPU.ActiveCfg = Debug|Any CPU
		{8AAEEEF1-CF3B-4354-9308-B29A5BF0E307}.Debug|Any CPU.Build.0 = Debug|Any CPU
		{8AAEEEF1-CF3B-4354-9308-B29A5BF0E307}.Release|Any CPU.ActiveCfg = Release|Any CPU
		{8AAEEEF1-CF3B-4354-9308-B29A5BF0E307}.Release|Any CPU.Build.0 = Release|Any CPU
		{C886CD19-E5D3-4412-AAAB-698743BD6C18}.Debug|Any CPU.ActiveCfg = Debug|Any CPU
		{C886CD19-E5D3-4412-AAAB-698743BD6C18}.Debug|Any CPU.Build.0 = Debug|Any CPU
		{C886CD19-E5D3-4412-AAAB-698743BD6C18}.Release|Any CPU.ActiveCfg = Release|Any CPU
		{C886CD19-E5D3-4412-AAAB-698743BD6C18}.Release|Any CPU.Build.0 = Release|Any CPU
		{51BC58DA-218E-42FD-8A57-8272BBAC2DA6}.Debug|Any CPU.ActiveCfg = Debug|Any CPU
		{51BC58DA-218E-42FD-8A57-8272BBAC2DA6}.Debug|Any CPU.Build.0 = Debug|Any CPU
		{51BC58DA-218E-42FD-8A57-8272BBAC2DA6}.Release|Any CPU.ActiveCfg = Release|Any CPU
		{51BC58DA-218E-42FD-8A57-8272BBAC2DA6}.Release|Any CPU.Build.0 = Release|Any CPU
		{1082EB16-80BD-4E49-A0AF-9542AC3BA243}.Debug|Any CPU.ActiveCfg = Debug|Any CPU
		{1082EB16-80BD-4E49-A0AF-9542AC3BA243}.Debug|Any CPU.Build.0 = Debug|Any CPU
		{1082EB16-80BD-4E49-A0AF-9542AC3BA243}.Release|Any CPU.ActiveCfg = Release|Any CPU
		{1082EB16-80BD-4E49-A0AF-9542AC3BA243}.Release|Any CPU.Build.0 = Release|Any CPU
		{BD77E6ED-C0B6-473C-B62B-7140DB2AB81C}.Debug|Any CPU.ActiveCfg = Debug|Any CPU
		{BD77E6ED-C0B6-473C-B62B-7140DB2AB81C}.Debug|Any CPU.Build.0 = Debug|Any CPU
		{BD77E6ED-C0B6-473C-B62B-7140DB2AB81C}.Release|Any CPU.ActiveCfg = Release|Any CPU
		{BD77E6ED-C0B6-473C-B62B-7140DB2AB81C}.Release|Any CPU.Build.0 = Release|Any CPU
		{BD1A296C-A1BC-4CA0-AB3A-C5DE3685F52E}.Debug|Any CPU.ActiveCfg = Debug|Any CPU
		{BD1A296C-A1BC-4CA0-AB3A-C5DE3685F52E}.Debug|Any CPU.Build.0 = Debug|Any CPU
		{BD1A296C-A1BC-4CA0-AB3A-C5DE3685F52E}.Release|Any CPU.ActiveCfg = Release|Any CPU
		{BD1A296C-A1BC-4CA0-AB3A-C5DE3685F52E}.Release|Any CPU.Build.0 = Release|Any CPU
		{7E7A4C36-FC7D-40EF-80C1-22151A803630}.Debug|Any CPU.ActiveCfg = Debug|Any CPU
		{7E7A4C36-FC7D-40EF-80C1-22151A803630}.Debug|Any CPU.Build.0 = Debug|Any CPU
		{7E7A4C36-FC7D-40EF-80C1-22151A803630}.Release|Any CPU.ActiveCfg = Release|Any CPU
		{7E7A4C36-FC7D-40EF-80C1-22151A803630}.Release|Any CPU.Build.0 = Release|Any CPU
		{B60FF612-F6EA-4304-A3EC-7D836E1CD781}.Debug|Any CPU.ActiveCfg = Debug|Any CPU
		{B60FF612-F6EA-4304-A3EC-7D836E1CD781}.Debug|Any CPU.Build.0 = Debug|Any CPU
		{B60FF612-F6EA-4304-A3EC-7D836E1CD781}.Release|Any CPU.ActiveCfg = Release|Any CPU
		{B60FF612-F6EA-4304-A3EC-7D836E1CD781}.Release|Any CPU.Build.0 = Release|Any CPU
	EndGlobalSection
	GlobalSection(SolutionProperties) = preSolution
		HideSolutionNode = FALSE
	EndGlobalSection
	GlobalSection(ExtensibilityGlobals) = postSolution
		SolutionGuid = {2C42A49F-BF4D-4A9E-99AD-CAD23DD924AD}
	EndGlobalSection
EndGlobal
